// !$*UTF8*$!
{
	archiveVersion = 1;
	classes = {
	};
	objectVersion = 56;
	objects = {

/* Begin PBXBuildFile section */
		82636255299AB62400E6FFD4 /* Routing.swift in Sources */ = {isa = PBXBuildFile; fileRef = 82636254299AB62400E6FFD4 /* Routing.swift */; };
		82636257299ABBD100E6FFD4 /* BeforeRouting.swift in Sources */ = {isa = PBXBuildFile; fileRef = 82636256299ABBD100E6FFD4 /* BeforeRouting.swift */; };
		82636259299ABBDF00E6FFD4 /* AfterRouting.swift in Sources */ = {isa = PBXBuildFile; fileRef = 82636258299ABBDF00E6FFD4 /* AfterRouting.swift */; };
		82A376B42998E6C4000CAD4C /* (Solution) List Without Separator.swift in Sources */ = {isa = PBXBuildFile; fileRef = 82A376B32998E6C4000CAD4C /* (Solution) List Without Separator.swift */; };
		82A376B629990276000CAD4C /* View+hideListRowSeparator.swift in Sources */ = {isa = PBXBuildFile; fileRef = 82A376B529990276000CAD4C /* View+hideListRowSeparator.swift */; };
		82A376B829990359000CAD4C /* (Issue) List Without Separator.swift in Sources */ = {isa = PBXBuildFile; fileRef = 82A376B729990359000CAD4C /* (Issue) List Without Separator.swift */; };
		82C10E512997A0FC00A54B04 /* SamplesApp.swift in Sources */ = {isa = PBXBuildFile; fileRef = 82C10E502997A0FC00A54B04 /* SamplesApp.swift */; };
		82C10E532997A0FC00A54B04 /* ContentView.swift in Sources */ = {isa = PBXBuildFile; fileRef = 82C10E522997A0FC00A54B04 /* ContentView.swift */; };
		82C10E552997A10000A54B04 /* Assets.xcassets in Resources */ = {isa = PBXBuildFile; fileRef = 82C10E542997A10000A54B04 /* Assets.xcassets */; };
		82C10E582997A10000A54B04 /* Preview Assets.xcassets in Resources */ = {isa = PBXBuildFile; fileRef = 82C10E572997A10000A54B04 /* Preview Assets.xcassets */; };
		82DEE2512997A41200795143 /* BeforeEventsEnum.swift in Sources */ = {isa = PBXBuildFile; fileRef = 82DEE2502997A41200795143 /* BeforeEventsEnum.swift */; };
		82DEE2532997A41F00795143 /* AfterEventsEnum.swift in Sources */ = {isa = PBXBuildFile; fileRef = 82DEE2522997A41F00795143 /* AfterEventsEnum.swift */; };
		82DEE2562997A72600795143 /* PlaceholderView.swift in Sources */ = {isa = PBXBuildFile; fileRef = 82DEE2552997A72600795143 /* PlaceholderView.swift */; };
		82F9B929299D32D500A4F680 /* GlobalRouting.swift in Sources */ = {isa = PBXBuildFile; fileRef = 82F9B928299D32D500A4F680 /* GlobalRouting.swift */; };
		82F9B92B299D3A7700A4F680 /* RootViewWithGlobalRouting.swift in Sources */ = {isa = PBXBuildFile; fileRef = 82F9B92A299D3A7600A4F680 /* RootViewWithGlobalRouting.swift */; };
/* End PBXBuildFile section */

/* Begin PBXFileReference section */
		82636254299AB62400E6FFD4 /* Routing.swift */ = {isa = PBXFileReference; lastKnownFileType = sourcecode.swift; path = Routing.swift; sourceTree = "<group>"; };
		82636256299ABBD100E6FFD4 /* BeforeRouting.swift */ = {isa = PBXFileReference; lastKnownFileType = sourcecode.swift; path = BeforeRouting.swift; sourceTree = "<group>"; };
		82636258299ABBDF00E6FFD4 /* AfterRouting.swift */ = {isa = PBXFileReference; lastKnownFileType = sourcecode.swift; path = AfterRouting.swift; sourceTree = "<group>"; };
		82A376B32998E6C4000CAD4C /* (Solution) List Without Separator.swift */ = {isa = PBXFileReference; lastKnownFileType = sourcecode.swift; path = "(Solution) List Without Separator.swift"; sourceTree = "<group>"; };
		82A376B529990276000CAD4C /* View+hideListRowSeparator.swift */ = {isa = PBXFileReference; lastKnownFileType = sourcecode.swift; path = "View+hideListRowSeparator.swift"; sourceTree = "<group>"; };
		82A376B729990359000CAD4C /* (Issue) List Without Separator.swift */ = {isa = PBXFileReference; lastKnownFileType = sourcecode.swift; path = "(Issue) List Without Separator.swift"; sourceTree = "<group>"; };
		82C10E4D2997A0FC00A54B04 /* Samples.app */ = {isa = PBXFileReference; explicitFileType = wrapper.application; includeInIndex = 0; path = Samples.app; sourceTree = BUILT_PRODUCTS_DIR; };
		82C10E502997A0FC00A54B04 /* SamplesApp.swift */ = {isa = PBXFileReference; lastKnownFileType = sourcecode.swift; path = SamplesApp.swift; sourceTree = "<group>"; };
		82C10E522997A0FC00A54B04 /* ContentView.swift */ = {isa = PBXFileReference; lastKnownFileType = sourcecode.swift; path = ContentView.swift; sourceTree = "<group>"; };
		82C10E542997A10000A54B04 /* Assets.xcassets */ = {isa = PBXFileReference; lastKnownFileType = folder.assetcatalog; path = Assets.xcassets; sourceTree = "<group>"; };
		82C10E572997A10000A54B04 /* Preview Assets.xcassets */ = {isa = PBXFileReference; lastKnownFileType = folder.assetcatalog; path = "Preview Assets.xcassets"; sourceTree = "<group>"; };
		82DEE2502997A41200795143 /* BeforeEventsEnum.swift */ = {isa = PBXFileReference; lastKnownFileType = sourcecode.swift; path = BeforeEventsEnum.swift; sourceTree = "<group>"; };
		82DEE2522997A41F00795143 /* AfterEventsEnum.swift */ = {isa = PBXFileReference; lastKnownFileType = sourcecode.swift; path = AfterEventsEnum.swift; sourceTree = "<group>"; };
		82DEE2552997A72600795143 /* PlaceholderView.swift */ = {isa = PBXFileReference; lastKnownFileType = sourcecode.swift; path = PlaceholderView.swift; sourceTree = "<group>"; };
		82F9B928299D32D500A4F680 /* GlobalRouting.swift */ = {isa = PBXFileReference; lastKnownFileType = sourcecode.swift; path = GlobalRouting.swift; sourceTree = "<group>"; };
		82F9B92A299D3A7600A4F680 /* RootViewWithGlobalRouting.swift */ = {isa = PBXFileReference; lastKnownFileType = sourcecode.swift; path = RootViewWithGlobalRouting.swift; sourceTree = "<group>"; };
/* End PBXFileReference section */

/* Begin PBXFrameworksBuildPhase section */
		82C10E4A2997A0FC00A54B04 /* Frameworks */ = {
			isa = PBXFrameworksBuildPhase;
			buildActionMask = 2147483647;
			files = (
			);
			runOnlyForDeploymentPostprocessing = 0;
		};
/* End PBXFrameworksBuildPhase section */

/* Begin PBXGroup section */
		82636253299AB4A400E6FFD4 /* Routing and Router */ = {
			isa = PBXGroup;
			children = (
				82636256299ABBD100E6FFD4 /* BeforeRouting.swift */,
				82636254299AB62400E6FFD4 /* Routing.swift */,
				82636258299ABBDF00E6FFD4 /* AfterRouting.swift */,
			);
			path = "Routing and Router";
			sourceTree = "<group>";
		};
		82A376B22998E63D000CAD4C /* List Row Separator issue on iOS14 */ = {
			isa = PBXGroup;
			children = (
				82A376B729990359000CAD4C /* (Issue) List Without Separator.swift */,
				82A376B32998E6C4000CAD4C /* (Solution) List Without Separator.swift */,
				82A376B529990276000CAD4C /* View+hideListRowSeparator.swift */,
			);
			path = "List Row Separator issue on iOS14";
			sourceTree = "<group>";
		};
		82C10E442997A0FB00A54B04 = {
			isa = PBXGroup;
			children = (
				82C10E4F2997A0FC00A54B04 /* Samples */,
				82C10E4E2997A0FC00A54B04 /* Products */,
			);
			sourceTree = "<group>";
		};
		82C10E4E2997A0FC00A54B04 /* Products */ = {
			isa = PBXGroup;
			children = (
				82C10E4D2997A0FC00A54B04 /* Samples.app */,
			);
			name = Products;
			sourceTree = "<group>";
		};
		82C10E4F2997A0FC00A54B04 /* Samples */ = {
			isa = PBXGroup;
			children = (
				82F9B925299D321700A4F680 /* Global Routing */,
				82C10E502997A0FC00A54B04 /* SamplesApp.swift */,
				82DEE2542997A6FA00795143 /* Common */,
				82DEE24F2997A3A200795143 /* Events Enum for SwiftUI View */,
				82A376B22998E63D000CAD4C /* List Row Separator issue on iOS14 */,
				82636253299AB4A400E6FFD4 /* Routing and Router */,
				82C10E522997A0FC00A54B04 /* ContentView.swift */,
				82C10E542997A10000A54B04 /* Assets.xcassets */,
				82C10E562997A10000A54B04 /* Preview Content */,
			);
			path = Samples;
			sourceTree = "<group>";
		};
		82C10E562997A10000A54B04 /* Preview Content */ = {
			isa = PBXGroup;
			children = (
				82C10E572997A10000A54B04 /* Preview Assets.xcassets */,
			);
			path = "Preview Content";
			sourceTree = "<group>";
		};
		82DEE24F2997A3A200795143 /* Events Enum for SwiftUI View */ = {
			isa = PBXGroup;
			children = (
				82DEE2502997A41200795143 /* BeforeEventsEnum.swift */,
				82DEE2522997A41F00795143 /* AfterEventsEnum.swift */,
			);
			path = "Events Enum for SwiftUI View";
			sourceTree = "<group>";
		};
		82DEE2542997A6FA00795143 /* Common */ = {
			isa = PBXGroup;
			children = (
				82DEE2552997A72600795143 /* PlaceholderView.swift */,
			);
			path = Common;
			sourceTree = "<group>";
		};
		82F9B925299D321700A4F680 /* Global Routing */ = {
			isa = PBXGroup;
			children = (
				82F9B928299D32D500A4F680 /* GlobalRouting.swift */,
				82F9B92A299D3A7600A4F680 /* RootViewWithGlobalRouting.swift */,
			);
			path = "Global Routing";
			sourceTree = "<group>";
		};
/* End PBXGroup section */

/* Begin PBXNativeTarget section */
		82C10E4C2997A0FC00A54B04 /* Samples */ = {
			isa = PBXNativeTarget;
			buildConfigurationList = 82C10E5B2997A10000A54B04 /* Build configuration list for PBXNativeTarget "Samples" */;
			buildPhases = (
				82C10E492997A0FC00A54B04 /* Sources */,
				82C10E4A2997A0FC00A54B04 /* Frameworks */,
				82C10E4B2997A0FC00A54B04 /* Resources */,
			);
			buildRules = (
			);
			dependencies = (
			);
			name = Samples;
			productName = Samples;
			productReference = 82C10E4D2997A0FC00A54B04 /* Samples.app */;
			productType = "com.apple.product-type.application";
		};
/* End PBXNativeTarget section */

/* Begin PBXProject section */
		82C10E452997A0FB00A54B04 /* Project object */ = {
			isa = PBXProject;
			attributes = {
				BuildIndependentTargetsInParallel = 1;
				LastSwiftUpdateCheck = 1420;
				LastUpgradeCheck = 1420;
				TargetAttributes = {
					82C10E4C2997A0FC00A54B04 = {
						CreatedOnToolsVersion = 14.2;
					};
				};
			};
			buildConfigurationList = 82C10E482997A0FC00A54B04 /* Build configuration list for PBXProject "Samples" */;
			compatibilityVersion = "Xcode 14.0";
			developmentRegion = en;
			hasScannedForEncodings = 0;
			knownRegions = (
				en,
				Base,
			);
			mainGroup = 82C10E442997A0FB00A54B04;
			productRefGroup = 82C10E4E2997A0FC00A54B04 /* Products */;
			projectDirPath = "";
			projectRoot = "";
			targets = (
				82C10E4C2997A0FC00A54B04 /* Samples */,
			);
		};
/* End PBXProject section */

/* Begin PBXResourcesBuildPhase section */
		82C10E4B2997A0FC00A54B04 /* Resources */ = {
			isa = PBXResourcesBuildPhase;
			buildActionMask = 2147483647;
			files = (
				82C10E582997A10000A54B04 /* Preview Assets.xcassets in Resources */,
				82C10E552997A10000A54B04 /* Assets.xcassets in Resources */,
			);
			runOnlyForDeploymentPostprocessing = 0;
		};
/* End PBXResourcesBuildPhase section */

/* Begin PBXSourcesBuildPhase section */
		82C10E492997A0FC00A54B04 /* Sources */ = {
			isa = PBXSourcesBuildPhase;
			buildActionMask = 2147483647;
			files = (
				82DEE2512997A41200795143 /* BeforeEventsEnum.swift in Sources */,
				82C10E532997A0FC00A54B04 /* ContentView.swift in Sources */,
				82DEE2532997A41F00795143 /* AfterEventsEnum.swift in Sources */,
				82F9B929299D32D500A4F680 /* GlobalRouting.swift in Sources */,
				82A376B829990359000CAD4C /* (Issue) List Without Separator.swift in Sources */,
				82A376B629990276000CAD4C /* View+hideListRowSeparator.swift in Sources */,
				82636255299AB62400E6FFD4 /* Routing.swift in Sources */,
				82DEE2562997A72600795143 /* PlaceholderView.swift in Sources */,
				82636259299ABBDF00E6FFD4 /* AfterRouting.swift in Sources */,
				82636257299ABBD100E6FFD4 /* BeforeRouting.swift in Sources */,
				82A376B42998E6C4000CAD4C /* (Solution) List Without Separator.swift in Sources */,
				82C10E512997A0FC00A54B04 /* SamplesApp.swift in Sources */,
				82F9B92B299D3A7700A4F680 /* RootViewWithGlobalRouting.swift in Sources */,
			);
			runOnlyForDeploymentPostprocessing = 0;
		};
/* End PBXSourcesBuildPhase section */

/* Begin XCBuildConfiguration section */
		82C10E592997A10000A54B04 /* Debug */ = {
			isa = XCBuildConfiguration;
			buildSettings = {
				ALWAYS_SEARCH_USER_PATHS = NO;
				CLANG_ANALYZER_NONNULL = YES;
				CLANG_ANALYZER_NUMBER_OBJECT_CONVERSION = YES_AGGRESSIVE;
				CLANG_CXX_LANGUAGE_STANDARD = "gnu++20";
				CLANG_ENABLE_MODULES = YES;
				CLANG_ENABLE_OBJC_ARC = YES;
				CLANG_ENABLE_OBJC_WEAK = YES;
				CLANG_WARN_BLOCK_CAPTURE_AUTORELEASING = YES;
				CLANG_WARN_BOOL_CONVERSION = YES;
				CLANG_WARN_COMMA = YES;
				CLANG_WARN_CONSTANT_CONVERSION = YES;
				CLANG_WARN_DEPRECATED_OBJC_IMPLEMENTATIONS = YES;
				CLANG_WARN_DIRECT_OBJC_ISA_USAGE = YES_ERROR;
				CLANG_WARN_DOCUMENTATION_COMMENTS = YES;
				CLANG_WARN_EMPTY_BODY = YES;
				CLANG_WARN_ENUM_CONVERSION = YES;
				CLANG_WARN_INFINITE_RECURSION = YES;
				CLANG_WARN_INT_CONVERSION = YES;
				CLANG_WARN_NON_LITERAL_NULL_CONVERSION = YES;
				CLANG_WARN_OBJC_IMPLICIT_RETAIN_SELF = YES;
				CLANG_WARN_OBJC_LITERAL_CONVERSION = YES;
				CLANG_WARN_OBJC_ROOT_CLASS = YES_ERROR;
				CLANG_WARN_QUOTED_INCLUDE_IN_FRAMEWORK_HEADER = YES;
				CLANG_WARN_RANGE_LOOP_ANALYSIS = YES;
				CLANG_WARN_STRICT_PROTOTYPES = YES;
				CLANG_WARN_SUSPICIOUS_MOVE = YES;
				CLANG_WARN_UNGUARDED_AVAILABILITY = YES_AGGRESSIVE;
				CLANG_WARN_UNREACHABLE_CODE = YES;
				CLANG_WARN__DUPLICATE_METHOD_MATCH = YES;
				COPY_PHASE_STRIP = NO;
				DEBUG_INFORMATION_FORMAT = dwarf;
				ENABLE_STRICT_OBJC_MSGSEND = YES;
				ENABLE_TESTABILITY = YES;
				GCC_C_LANGUAGE_STANDARD = gnu11;
				GCC_DYNAMIC_NO_PIC = NO;
				GCC_NO_COMMON_BLOCKS = YES;
				GCC_OPTIMIZATION_LEVEL = 0;
				GCC_PREPROCESSOR_DEFINITIONS = (
					"DEBUG=1",
					"$(inherited)",
				);
				GCC_WARN_64_TO_32_BIT_CONVERSION = YES;
				GCC_WARN_ABOUT_RETURN_TYPE = YES_ERROR;
				GCC_WARN_UNDECLARED_SELECTOR = YES;
				GCC_WARN_UNINITIALIZED_AUTOS = YES_AGGRESSIVE;
				GCC_WARN_UNUSED_FUNCTION = YES;
				GCC_WARN_UNUSED_VARIABLE = YES;
				IPHONEOS_DEPLOYMENT_TARGET = 16.2;
				MTL_ENABLE_DEBUG_INFO = INCLUDE_SOURCE;
				MTL_FAST_MATH = YES;
				ONLY_ACTIVE_ARCH = YES;
				SDKROOT = iphoneos;
				SWIFT_ACTIVE_COMPILATION_CONDITIONS = DEBUG;
				SWIFT_OPTIMIZATION_LEVEL = "-Onone";
			};
			name = Debug;
		};
		82C10E5A2997A10000A54B04 /* Release */ = {
			isa = XCBuildConfiguration;
			buildSettings = {
				ALWAYS_SEARCH_USER_PATHS = NO;
				CLANG_ANALYZER_NONNULL = YES;
				CLANG_ANALYZER_NUMBER_OBJECT_CONVERSION = YES_AGGRESSIVE;
				CLANG_CXX_LANGUAGE_STANDARD = "gnu++20";
				CLANG_ENABLE_MODULES = YES;
				CLANG_ENABLE_OBJC_ARC = YES;
				CLANG_ENABLE_OBJC_WEAK = YES;
				CLANG_WARN_BLOCK_CAPTURE_AUTORELEASING = YES;
				CLANG_WARN_BOOL_CONVERSION = YES;
				CLANG_WARN_COMMA = YES;
				CLANG_WARN_CONSTANT_CONVERSION = YES;
				CLANG_WARN_DEPRECATED_OBJC_IMPLEMENTATIONS = YES;
				CLANG_WARN_DIRECT_OBJC_ISA_USAGE = YES_ERROR;
				CLANG_WARN_DOCUMENTATION_COMMENTS = YES;
				CLANG_WARN_EMPTY_BODY = YES;
				CLANG_WARN_ENUM_CONVERSION = YES;
				CLANG_WARN_INFINITE_RECURSION = YES;
				CLANG_WARN_INT_CONVERSION = YES;
				CLANG_WARN_NON_LITERAL_NULL_CONVERSION = YES;
				CLANG_WARN_OBJC_IMPLICIT_RETAIN_SELF = YES;
				CLANG_WARN_OBJC_LITERAL_CONVERSION = YES;
				CLANG_WARN_OBJC_ROOT_CLASS = YES_ERROR;
				CLANG_WARN_QUOTED_INCLUDE_IN_FRAMEWORK_HEADER = YES;
				CLANG_WARN_RANGE_LOOP_ANALYSIS = YES;
				CLANG_WARN_STRICT_PROTOTYPES = YES;
				CLANG_WARN_SUSPICIOUS_MOVE = YES;
				CLANG_WARN_UNGUARDED_AVAILABILITY = YES_AGGRESSIVE;
				CLANG_WARN_UNREACHABLE_CODE = YES;
				CLANG_WARN__DUPLICATE_METHOD_MATCH = YES;
				COPY_PHASE_STRIP = NO;
				DEBUG_INFORMATION_FORMAT = "dwarf-with-dsym";
				ENABLE_NS_ASSERTIONS = NO;
				ENABLE_STRICT_OBJC_MSGSEND = YES;
				GCC_C_LANGUAGE_STANDARD = gnu11;
				GCC_NO_COMMON_BLOCKS = YES;
				GCC_WARN_64_TO_32_BIT_CONVERSION = YES;
				GCC_WARN_ABOUT_RETURN_TYPE = YES_ERROR;
				GCC_WARN_UNDECLARED_SELECTOR = YES;
				GCC_WARN_UNINITIALIZED_AUTOS = YES_AGGRESSIVE;
				GCC_WARN_UNUSED_FUNCTION = YES;
				GCC_WARN_UNUSED_VARIABLE = YES;
				IPHONEOS_DEPLOYMENT_TARGET = 16.2;
				MTL_ENABLE_DEBUG_INFO = NO;
				MTL_FAST_MATH = YES;
				SDKROOT = iphoneos;
				SWIFT_COMPILATION_MODE = wholemodule;
				SWIFT_OPTIMIZATION_LEVEL = "-O";
				VALIDATE_PRODUCT = YES;
			};
			name = Release;
		};
		82C10E5C2997A10000A54B04 /* Debug */ = {
			isa = XCBuildConfiguration;
			buildSettings = {
				ASSETCATALOG_COMPILER_APPICON_NAME = AppIcon;
				ASSETCATALOG_COMPILER_GLOBAL_ACCENT_COLOR_NAME = AccentColor;
				CODE_SIGN_STYLE = Automatic;
				CURRENT_PROJECT_VERSION = 1;
				DEVELOPMENT_ASSET_PATHS = "\"Samples/Preview Content\"";
				DEVELOPMENT_TEAM = N37DY79DRF;
				ENABLE_PREVIEWS = YES;
				GENERATE_INFOPLIST_FILE = YES;
				INFOPLIST_KEY_UIApplicationSceneManifest_Generation = YES;
				INFOPLIST_KEY_UIApplicationSupportsIndirectInputEvents = YES;
				INFOPLIST_KEY_UILaunchScreen_Generation = YES;
				INFOPLIST_KEY_UISupportedInterfaceOrientations_iPad = "UIInterfaceOrientationPortrait UIInterfaceOrientationPortraitUpsideDown UIInterfaceOrientationLandscapeLeft UIInterfaceOrientationLandscapeRight";
				INFOPLIST_KEY_UISupportedInterfaceOrientations_iPhone = "UIInterfaceOrientationPortrait UIInterfaceOrientationLandscapeLeft UIInterfaceOrientationLandscapeRight";
				IPHONEOS_DEPLOYMENT_TARGET = 16.0;
				LD_RUNPATH_SEARCH_PATHS = (
					"$(inherited)",
					"@executable_path/Frameworks",
				);
				MARKETING_VERSION = 1.0;
				PRODUCT_BUNDLE_IDENTIFIER = ua.vfil.Samples;
				PRODUCT_NAME = "$(TARGET_NAME)";
				SWIFT_EMIT_LOC_STRINGS = YES;
				SWIFT_VERSION = 5.0;
				TARGETED_DEVICE_FAMILY = "1,2";
			};
			name = Debug;
		};
		82C10E5D2997A10000A54B04 /* Release */ = {
			isa = XCBuildConfiguration;
			buildSettings = {
				ASSETCATALOG_COMPILER_APPICON_NAME = AppIcon;
				ASSETCATALOG_COMPILER_GLOBAL_ACCENT_COLOR_NAME = AccentColor;
				CODE_SIGN_STYLE = Automatic;
				CURRENT_PROJECT_VERSION = 1;
				DEVELOPMENT_ASSET_PATHS = "\"Samples/Preview Content\"";
				DEVELOPMENT_TEAM = N37DY79DRF;
				ENABLE_PREVIEWS = YES;
				GENERATE_INFOPLIST_FILE = YES;
				INFOPLIST_KEY_UIApplicationSceneManifest_Generation = YES;
				INFOPLIST_KEY_UIApplicationSupportsIndirectInputEvents = YES;
				INFOPLIST_KEY_UILaunchScreen_Generation = YES;
				INFOPLIST_KEY_UISupportedInterfaceOrientations_iPad = "UIInterfaceOrientationPortrait UIInterfaceOrientationPortraitUpsideDown UIInterfaceOrientationLandscapeLeft UIInterfaceOrientationLandscapeRight";
				INFOPLIST_KEY_UISupportedInterfaceOrientations_iPhone = "UIInterfaceOrientationPortrait UIInterfaceOrientationLandscapeLeft UIInterfaceOrientationLandscapeRight";
				IPHONEOS_DEPLOYMENT_TARGET = 16.0;
				LD_RUNPATH_SEARCH_PATHS = (
					"$(inherited)",
					"@executable_path/Frameworks",
				);
				MARKETING_VERSION = 1.0;
				PRODUCT_BUNDLE_IDENTIFIER = ua.vfil.Samples;
				PRODUCT_NAME = "$(TARGET_NAME)";
				SWIFT_EMIT_LOC_STRINGS = YES;
				SWIFT_VERSION = 5.0;
				TARGETED_DEVICE_FAMILY = "1,2";
			};
			name = Release;
		};
/* End XCBuildConfiguration section */

/* Begin XCConfigurationList section */
		82C10E482997A0FC00A54B04 /* Build configuration list for PBXProject "Samples" */ = {
			isa = XCConfigurationList;
			buildConfigurations = (
				82C10E592997A10000A54B04 /* Debug */,
				82C10E5A2997A10000A54B04 /* Release */,
			);
			defaultConfigurationIsVisible = 0;
			defaultConfigurationName = Release;
		};
		82C10E5B2997A10000A54B04 /* Build configuration list for PBXNativeTarget "Samples" */ = {
			isa = XCConfigurationList;
			buildConfigurations = (
				82C10E5C2997A10000A54B04 /* Debug */,
				82C10E5D2997A10000A54B04 /* Release */,
			);
			defaultConfigurationIsVisible = 0;
			defaultConfigurationName = Release;
		};
/* End XCConfigurationList section */
	};
	rootObject = 82C10E452997A0FB00A54B04 /* Project object */;
}
